
Microsoft Visual Studio Solution File, Format Version 12.00
# Visual Studio 14
VisualStudioVersion = 14.0.25420.1
MinimumVisualStudioVersion = 10.0.40219.1
Project("{2150E333-8FDC-42A3-9474-1A3956D46DE8}") = "src", "src", "{A4018763-CD89-4B84-B4CF-84AB9B68D5C8}"
EndProject
Project("{2150E333-8FDC-42A3-9474-1A3956D46DE8}") = "Solution Items", "Solution Items", "{107C6426-F8E0-426A-BE9B-CC09BB949EEE}"
	ProjectSection(SolutionItems) = preProject
		global.json = global.json
	EndProjectSection
EndProject
Project("{8BB2217D-0F2D-49D1-97BC-3654ED321F3B}") = "MyConcordiaID", "src\MyConcordiaID\MyConcordiaID.xproj", "{5CB68554-6CE8-41B1-A5E6-74E1A26CADD7}"
EndProject
Project("{FAE04EC0-301F-11D3-BF4B-00C04F79EFBC}") = "OracleEntityFramework", "OracleEntityFramework\OracleEntityFramework.csproj", "{29BB6533-F40C-4C16-A6C8-873709840FBC}"
EndProject
Project("{8BB2217D-0F2D-49D1-97BC-3654ED321F3B}") = "UnitTestCore", "src\UnitTestCore\UnitTestCore.xproj", "{82BD96DB-2F2A-4988-AFBE-A6A350BE4FF9}"
EndProject
Global
	GlobalSection(SolutionConfigurationPlatforms) = preSolution
		Debug|Any CPU = Debug|Any CPU
		Release|Any CPU = Release|Any CPU
	EndGlobalSection
	GlobalSection(ProjectConfigurationPlatforms) = postSolution
		{5CB68554-6CE8-41B1-A5E6-74E1A26CADD7}.Debug|Any CPU.ActiveCfg = Debug|Any CPU
		{5CB68554-6CE8-41B1-A5E6-74E1A26CADD7}.Debug|Any CPU.Build.0 = Debug|Any CPU
		{5CB68554-6CE8-41B1-A5E6-74E1A26CADD7}.Release|Any CPU.ActiveCfg = Release|Any CPU
		{5CB68554-6CE8-41B1-A5E6-74E1A26CADD7}.Release|Any CPU.Build.0 = Release|Any CPU
		{29BB6533-F40C-4C16-A6C8-873709840FBC}.Debug|Any CPU.ActiveCfg = Debug|Any CPU
		{29BB6533-F40C-4C16-A6C8-873709840FBC}.Debug|Any CPU.Build.0 = Debug|Any CPU
		{29BB6533-F40C-4C16-A6C8-873709840FBC}.Release|Any CPU.ActiveCfg = Release|Any CPU
		{29BB6533-F40C-4C16-A6C8-873709840FBC}.Release|Any CPU.Build.0 = Release|Any CPU
		{82BD96DB-2F2A-4988-AFBE-A6A350BE4FF9}.Debug|Any CPU.ActiveCfg = Debug|Any CPU
		{82BD96DB-2F2A-4988-AFBE-A6A350BE4FF9}.Debug|Any CPU.Build.0 = Debug|Any CPU
		{82BD96DB-2F2A-4988-AFBE-A6A350BE4FF9}.Release|Any CPU.ActiveCfg = Release|Any CPU
		{82BD96DB-2F2A-4988-AFBE-A6A350BE4FF9}.Release|Any CPU.Build.0 = Release|Any CPU
	EndGlobalSection
	GlobalSection(SolutionProperties) = preSolution
		HideSolutionNode = FALSE
	EndGlobalSection
	GlobalSection(NestedProjects) = preSolution
		{5CB68554-6CE8-41B1-A5E6-74E1A26CADD7} = {A4018763-CD89-4B84-B4CF-84AB9B68D5C8}
		{82BD96DB-2F2A-4988-AFBE-A6A350BE4FF9} = {A4018763-CD89-4B84-B4CF-84AB9B68D5C8}
	EndGlobalSection
EndGlobal
